
Microsoft Visual Studio Solution File, Format Version 12.00
# Visual Studio Version 16
VisualStudioVersion = 16.0.30320.27
MinimumVisualStudioVersion = 10.0.40219.1
Project("{FAE04EC0-301F-11D3-BF4B-00C04F79EFBC}") = "Template to create coffe preparation", "Template to create coffe preparation.csproj", "{9595BE2A-ACC0-464F-89C9-12A01EC9A120}"
EndProject
Global
	GlobalSection(SolutionConfigurationPlatforms) = preSolution
		Debug|Any CPU = Debug|Any CPU
		Release|Any CPU = Release|Any CPU
	EndGlobalSection
	GlobalSection(ProjectConfigurationPlatforms) = postSolution
		{9595BE2A-ACC0-464F-89C9-12A01EC9A120}.Debug|Any CPU.ActiveCfg = Debug|Any CPU
		{9595BE2A-ACC0-464F-89C9-12A01EC9A120}.Debug|Any CPU.Build.0 = Debug|Any CPU
		{9595BE2A-ACC0-464F-89C9-12A01EC9A120}.Release|Any CPU.ActiveCfg = Release|Any CPU
		{9595BE2A-ACC0-464F-89C9-12A01EC9A120}.Release|Any CPU.Build.0 = Release|Any CPU
	EndGlobalSection
	GlobalSection(SolutionProperties) = preSolution
		HideSolutionNode = FALSE
	EndGlobalSection
	GlobalSection(ExtensibilityGlobals) = postSolution
		SolutionGuid = {DCB0980C-7BCD-456D-87BF-53798D2FF1AE}
	EndGlobalSection
EndGlobal
